<?xml version="1.0" encoding="utf-8"?>
<Project ToolsVersion="4.0" xmlns="http://schemas.microsoft.com/developer/msbuild/2003">
  <ItemGroup>
    <Filter Include="源文件">
      <UniqueIdentifier>{4FC737F1-C7A5-4376-A066-2A32D752A2FF}</UniqueIdentifier>
      <Extensions>cpp;c;cc;cxx;def;odl;idl;hpj;bat;asm;asmx</Extensions>
    </Filter>
    <Filter Include="头文件">
      <UniqueIdentifier>{93995380-89BD-4b04-88EB-625FBE52EBFB}</UniqueIdentifier>
      <Extensions>h;hpp;hxx;hm;inl;inc;xsd</Extensions>
    </Filter>
    <Filter Include="资源文件">
      <UniqueIdentifier>{67DA6AB6-F800-4c08-8B7A-83BB121AAD01}</UniqueIdentifier>
      <Extensions>rc;ico;cur;bmp;dlg;rc2;rct;bin;rgs;gif;jpg;jpeg;jpe;resx;tiff;tif;png;wav;mfcribbon-ms</Extensions>
    </Filter>
  </ItemGroup>
  <ItemGroup>
    <Text Include="ReadMe.txt" />
  </ItemGroup>
  <ItemGroup>
    <ClInclude Include="SciPgM.h">
      <Filter>头文件</Filter>
    </ClInclude>
    <ClInclude Include="SciPgMDlg.h">
      <Filter>头文件</Filter>
    </ClInclude>
    <ClInclude Include="stdafx.h">
      <Filter>头文件</Filter>
    </ClInclude>
    <ClInclude Include="targetver.h">
      <Filter>头文件</Filter>
    </ClInclude>
    <ClInclude Include="Resource.h">
      <Filter>头文件</Filter>
    </ClInclude>
    <ClInclude Include="InstituteDlg.h">
      <Filter>头文件</Filter>
    </ClInclude>
    <ClInclude Include="TeamDlg.h">
      <Filter>头文件</Filter>
    </ClInclude>
    <ClInclude Include="ProgramDlg.h">
      <Filter>头文件</Filter>
    </ClInclude>
    <ClInclude Include="FileDlg.h">
      <Filter>头文件</Filter>
    </ClInclude>
    <ClInclude Include="TableResetDlg.h">
      <Filter>头文件</Filter>
    </ClInclude>
    <ClInclude Include="FindInfoDlg.h">
      <Filter>头文件</Filter>
    </ClInclude>
    <ClInclude Include="StatisticDlg.h">
      <Filter>头文件</Filter>
    </ClInclude>
    <ClInclude Include="StatisChildDlg1.h">
      <Filter>头文件</Filter>
    </ClInclude>
    <ClInclude Include="StatisChildDlg2.h">
      <Filter>头文件</Filter>
    </ClInclude>
    <ClInclude Include="StatisChildDlg3.h">
      <Filter>头文件</Filter>
    </ClInclude>
    <ClInclude Include="StatisChildDlg4.h">
      <Filter>头文件</Filter>
    </ClInclude>
    <ClInclude Include="FAQDlg.h">
      <Filter>头文件</Filter>
    </ClInclude>
    <ClInclude Include="FAQChildFileDlg.h">
      <Filter>头文件</Filter>
    </ClInclude>
    <ClInclude Include="FAQChildDataDlg.h">
      <Filter>头文件</Filter>
    </ClInclude>
    <ClInclude Include="FAQChildSyncDlg.h">
      <Filter>头文件</Filter>
    </ClInclude>
    <ClInclude Include="FAQChildHelpDlg.h">
      <Filter>头文件</Filter>
    </ClInclude>
    <ClInclude Include="AboutDlg.h">
      <Filter>头文件</Filter>
    </ClInclude>
  </ItemGroup>
  <ItemGroup>
    <ClCompile Include="SciPgM.cpp">
      <Filter>源文件</Filter>
    </ClCompile>
    <ClCompile Include="SciPgMDlg.cpp">
      <Filter>源文件</Filter>
    </ClCompile>
    <ClCompile Include="stdafx.cpp">
      <Filter>源文件</Filter>
    </ClCompile>
    <ClCompile Include="InstituteDlg.cpp">
      <Filter>源文件</Filter>
    </ClCompile>
    <ClCompile Include="TeamDlg.cpp">
      <Filter>源文件</Filter>
    </ClCompile>
    <ClCompile Include="ProgramDlg.cpp">
      <Filter>源文件</Filter>
    </ClCompile>
    <ClCompile Include="FileDlg.cpp">
      <Filter>源文件</Filter>
    </ClCompile>
    <ClCompile Include="TableResetDlg.cpp">
      <Filter>源文件</Filter>
    </ClCompile>
    <ClCompile Include="FindInfoDlg.cpp">
      <Filter>源文件</Filter>
    </ClCompile>
    <ClCompile Include="StatisticDlg.cpp">
      <Filter>源文件</Filter>
    </ClCompile>
    <ClCompile Include="StatisChildDlg1.cpp">
      <Filter>源文件</Filter>
    </ClCompile>
    <ClCompile Include="StatisChildDlg2.cpp">
      <Filter>源文件</Filter>
    </ClCompile>
    <ClCompile Include="StatisChildDlg3.cpp">
      <Filter>源文件</Filter>
    </ClCompile>
    <ClCompile Include="StatisChildDlg4.cpp">
      <Filter>源文件</Filter>
    </ClCompile>
    <ClCompile Include="FAQDlg.cpp">
      <Filter>源文件</Filter>
    </ClCompile>
    <ClCompile Include="FAQChildFileDlg.cpp">
      <Filter>源文件</Filter>
    </ClCompile>
    <ClCompile Include="FAQChildDataDlg.cpp">
      <Filter>源文件</Filter>
    </ClCompile>
    <ClCompile Include="FAQChildSyncDlg.cpp">
      <Filter>源文件</Filter>
    </ClCompile>
    <ClCompile Include="FAQChildHelpDlg.cpp">
      <Filter>源文件</Filter>
    </ClCompile>
    <ClCompile Include="AboutDlg.cpp">
      <Filter>源文件</Filter>
    </ClCompile>
  </ItemGroup>
  <ItemGroup>
    <ResourceCompile Include="SciPgM.rc">
      <Filter>资源文件</Filter>
    </ResourceCompile>
  </ItemGroup>
  <ItemGroup>
    <None Include="res\SciPgM.rc2">
      <Filter>资源文件</Filter>
    </None>
  </ItemGroup>
  <ItemGroup>
    <Image Include="res\SciPgM.ico">
      <Filter>资源文件</Filter>
    </Image>
    <Image Include="res\mainFrame.ico">
      <Filter>资源文件</Filter>
    </Image>
    <Image Include="C:\Users\dell\Desktop\insertBtn.png">
      <Filter>资源文件</Filter>
    </Image>
    <Image Include="res\icon1.ico">
      <Filter>资源文件</Filter>
    </Image>
    <Image Include="C:\Users\dell\Desktop\deleteBtn.ico">
      <Filter>资源文件</Filter>
    </Image>
    <Image Include="res\insertBtn.ico">
      <Filter>资源文件</Filter>
    </Image>
    <Image Include="res\icon2.ico">
      <Filter>资源文件</Filter>
    </Image>
    <Image Include="res\editBtn.ico">
      <Filter>资源文件</Filter>
    </Image>
    <Image Include="res\deleteBtn.ico">
      <Filter>资源文件</Filter>
    </Image>
    <Image Include="res\title.png">
      <Filter>资源文件</Filter>
    </Image>
    <Image Include="res\title.bmp">
      <Filter>资源文件</Filter>
    </Image>
    <Image Include="res\icon.bmp">
      <Filter>资源文件</Filter>
    </Image>
  </ItemGroup>
</Project>